
Microsoft Visual Studio Solution File, Format Version 12.00
# Visual Studio 14
VisualStudioVersion = 14.0.25420.1
MinimumVisualStudioVersion = 10.0.40219.1
Project("{FAE04EC0-301F-11D3-BF4B-00C04F79EFBC}") = "AVRControl", "AVRControl\AVRControl.csproj", "{6FCC8023-971A-471F-B87D-A877C3DA2431}"
EndProject
Project("{FAE04EC0-301F-11D3-BF4B-00C04F79EFBC}") = "AVRLibrary", "AVRLibrary\AVRLibrary.csproj", "{4CC61E5D-7BD5-4655-9AEB-604AFBF6EA75}"
EndProject
Project("{FAE04EC0-301F-11D3-BF4B-00C04F79EFBC}") = "Mono.Ssdp", "..\upnp\src\Mono.Ssdp\Mono.Ssdp\Mono.Ssdp.csproj", "{AD422A19-BA07-4039-B843-84E386804DD1}"
EndProject
Project("{FAE04EC0-301F-11D3-BF4B-00C04F79EFBC}") = "FalichsLib", "FalichsLib\FalichsLib.csproj", "{F97D88F1-DDB1-4DC5-BDFF-C0D56EEBCE56}"
EndProject
Global
	GlobalSection(SolutionConfigurationPlatforms) = preSolution
		Debug|Any CPU = Debug|Any CPU
		Release|Any CPU = Release|Any CPU
	EndGlobalSection
	GlobalSection(ProjectConfigurationPlatforms) = postSolution
		{6FCC8023-971A-471F-B87D-A877C3DA2431}.Debug|Any CPU.ActiveCfg = Debug|Any CPU
		{6FCC8023-971A-471F-B87D-A877C3DA2431}.Debug|Any CPU.Build.0 = Debug|Any CPU
		{6FCC8023-971A-471F-B87D-A877C3DA2431}.Release|Any CPU.ActiveCfg = Release|Any CPU
		{6FCC8023-971A-471F-B87D-A877C3DA2431}.Release|Any CPU.Build.0 = Release|Any CPU
		{4CC61E5D-7BD5-4655-9AEB-604AFBF6EA75}.Debug|Any CPU.ActiveCfg = Debug|Any CPU
		{4CC61E5D-7BD5-4655-9AEB-604AFBF6EA75}.Debug|Any CPU.Build.0 = Debug|Any CPU
		{4CC61E5D-7BD5-4655-9AEB-604AFBF6EA75}.Release|Any CPU.ActiveCfg = Release|Any CPU
		{4CC61E5D-7BD5-4655-9AEB-604AFBF6EA75}.Release|Any CPU.Build.0 = Release|Any CPU
		{AD422A19-BA07-4039-B843-84E386804DD1}.Debug|Any CPU.ActiveCfg = Debug|Any CPU
		{AD422A19-BA07-4039-B843-84E386804DD1}.Debug|Any CPU.Build.0 = Debug|Any CPU
		{AD422A19-BA07-4039-B843-84E386804DD1}.Release|Any CPU.ActiveCfg = Release|Any CPU
		{AD422A19-BA07-4039-B843-84E386804DD1}.Release|Any CPU.Build.0 = Release|Any CPU
		{F97D88F1-DDB1-4DC5-BDFF-C0D56EEBCE56}.Debug|Any CPU.ActiveCfg = Debug|Any CPU
		{F97D88F1-DDB1-4DC5-BDFF-C0D56EEBCE56}.Debug|Any CPU.Build.0 = Debug|Any CPU
		{F97D88F1-DDB1-4DC5-BDFF-C0D56EEBCE56}.Release|Any CPU.ActiveCfg = Release|Any CPU
		{F97D88F1-DDB1-4DC5-BDFF-C0D56EEBCE56}.Release|Any CPU.Build.0 = Release|Any CPU
	EndGlobalSection
	GlobalSection(SolutionProperties) = preSolution
		HideSolutionNode = FALSE
	EndGlobalSection
	GlobalSection(ExtensibilityGlobals) = postSolution
		EnterpriseLibraryConfigurationToolBinariesPathV6 = packages\EnterpriseLibrary.Common.6.0.1304.0\lib\NET45;packages\EnterpriseLibrary.Logging.6.0.1304.0\lib\NET45
	EndGlobalSection
EndGlobal
